{
  "name": "NCAParser",
  "lockfileVersion": 3,
  "requires": true,
  "packages": {
    "client": {
      "extraneous": true
    },
    "server": {
      "name": "ncaparser-server",
      "version": "1.0.0",
      "extraneous": true,
      "dependencies": {
        "@googleapis/sheets": "^13.0.2",
        "dotenv": "^16.6.1",
        "express": "^4.21.2",
        "imapflow": "^1.1.0",
        "mailparser": "^3.7.5"
      }
    }
  }
}
